
Microsoft Visual Studio Solution File, Format Version 12.00
# Visual Studio Version 16
VisualStudioVersion = 16.0.28803.452
MinimumVisualStudioVersion = 10.0.40219.1
Project("{9A19103F-16F7-4668-BE54-9A1E7A4F7556}") = "AtividadeAvaliativa01", "AtividadeAvaliativa01.csproj", "{CD90C4E6-2EEC-44E5-9788-DC3A15D97BFC}"
EndProject
Global
	GlobalSection(SolutionConfigurationPlatforms) = preSolution
		Debug|Any CPU = Debug|Any CPU
		Release|Any CPU = Release|Any CPU
	EndGlobalSection
	GlobalSection(ProjectConfigurationPlatforms) = postSolution
		{CD90C4E6-2EEC-44E5-9788-DC3A15D97BFC}.Debug|Any CPU.ActiveCfg = Debug|Any CPU
		{CD90C4E6-2EEC-44E5-9788-DC3A15D97BFC}.Debug|Any CPU.Build.0 = Debug|Any CPU
		{CD90C4E6-2EEC-44E5-9788-DC3A15D97BFC}.Release|Any CPU.ActiveCfg = Release|Any CPU
		{CD90C4E6-2EEC-44E5-9788-DC3A15D97BFC}.Release|Any CPU.Build.0 = Release|Any CPU
	EndGlobalSection
	GlobalSection(SolutionProperties) = preSolution
		HideSolutionNode = FALSE
	EndGlobalSection
	GlobalSection(ExtensibilityGlobals) = postSolution
		SolutionGuid = {985899B3-C8DD-4357-BC00-B44958587554}
	EndGlobalSection
EndGlobal
